
Microsoft Visual Studio Solution File, Format Version 12.00
# Visual Studio Version 17
VisualStudioVersion = 17.14.36915.13
MinimumVisualStudioVersion = 10.0.40219.1
Project("{FAE04EC0-301F-11D3-BF4B-00C04F79EFBC}") = "SAFLC_MVC", "SAFLC_MVC\SAFLC_MVC.csproj", "{4AFE64D0-F15C-4401-A206-6C029514DBA5}"
EndProject
Global
	GlobalSection(SolutionConfigurationPlatforms) = preSolution
		Debug|Any CPU = Debug|Any CPU
		Release|Any CPU = Release|Any CPU
	EndGlobalSection
	GlobalSection(ProjectConfigurationPlatforms) = postSolution
		{4AFE64D0-F15C-4401-A206-6C029514DBA5}.Debug|Any CPU.ActiveCfg = Debug|Any CPU
		{4AFE64D0-F15C-4401-A206-6C029514DBA5}.Debug|Any CPU.Build.0 = Debug|Any CPU
		{4AFE64D0-F15C-4401-A206-6C029514DBA5}.Release|Any CPU.ActiveCfg = Release|Any CPU
		{4AFE64D0-F15C-4401-A206-6C029514DBA5}.Release|Any CPU.Build.0 = Release|Any CPU
	EndGlobalSection
	GlobalSection(SolutionProperties) = preSolution
		HideSolutionNode = FALSE
	EndGlobalSection
	GlobalSection(ExtensibilityGlobals) = postSolution
		SolutionGuid = {E694CF0B-96C1-4D0B-B695-B38B65169DA4}
	EndGlobalSection
EndGlobal
